
Microsoft Visual Studio Solution File, Format Version 12.00
# Visual Studio 15
VisualStudioVersion = 15.0.28307.271
MinimumVisualStudioVersion = 10.0.40219.1
Project("{8BC9CEB8-8B4A-11D0-8D11-00A0C91BC942}") = "SFML_Expo", "SFML_Expo\SFML_Expo.vcxproj", "{236DD17D-9080-476F-B1DE-95E66AB50C94}"
EndProject
Project("{8BC9CEB8-8B4A-11D0-8D11-00A0C91BC942}") = "mem_manager", "mem_manager\mem_manager.vcxproj", "{E2C87335-F128-413F-A9FA-58A58E8C125E}"
EndProject
Global
	GlobalSection(SolutionConfigurationPlatforms) = preSolution
		Debug|x64 = Debug|x64
		Debug|x86 = Debug|x86
		Release|x64 = Release|x64
		Release|x86 = Release|x86
	EndGlobalSection
	GlobalSection(ProjectConfigurationPlatforms) = postSolution
		{236DD17D-9080-476F-B1DE-95E66AB50C94}.Debug|x64.ActiveCfg = Debug|x64
		{236DD17D-9080-476F-B1DE-95E66AB50C94}.Debug|x64.Build.0 = Debug|x64
		{236DD17D-9080-476F-B1DE-95E66AB50C94}.Debug|x86.ActiveCfg = Debug|Win32
		{236DD17D-9080-476F-B1DE-95E66AB50C94}.Debug|x86.Build.0 = Debug|Win32
		{236DD17D-9080-476F-B1DE-95E66AB50C94}.Release|x64.ActiveCfg = Release|x64
		{236DD17D-9080-476F-B1DE-95E66AB50C94}.Release|x64.Build.0 = Release|x64
		{236DD17D-9080-476F-B1DE-95E66AB50C94}.Release|x86.ActiveCfg = Release|Win32
		{236DD17D-9080-476F-B1DE-95E66AB50C94}.Release|x86.Build.0 = Release|Win32
		{E2C87335-F128-413F-A9FA-58A58E8C125E}.Debug|x64.ActiveCfg = Debug|x64
		{E2C87335-F128-413F-A9FA-58A58E8C125E}.Debug|x64.Build.0 = Debug|x64
		{E2C87335-F128-413F-A9FA-58A58E8C125E}.Debug|x86.ActiveCfg = Debug|Win32
		{E2C87335-F128-413F-A9FA-58A58E8C125E}.Debug|x86.Build.0 = Debug|Win32
		{E2C87335-F128-413F-A9FA-58A58E8C125E}.Release|x64.ActiveCfg = Release|x64
		{E2C87335-F128-413F-A9FA-58A58E8C125E}.Release|x64.Build.0 = Release|x64
		{E2C87335-F128-413F-A9FA-58A58E8C125E}.Release|x86.ActiveCfg = Release|Win32
		{E2C87335-F128-413F-A9FA-58A58E8C125E}.Release|x86.Build.0 = Release|Win32
	EndGlobalSection
	GlobalSection(SolutionProperties) = preSolution
		HideSolutionNode = FALSE
	EndGlobalSection
	GlobalSection(ExtensibilityGlobals) = postSolution
		SolutionGuid = {79B8A080-19CE-4D9D-A235-BF4D2520B938}
	EndGlobalSection
EndGlobal
